# THIS IS AN AUTOGENERATED FILE. DO NOT EDIT THIS FILE DIRECTLY.
# yarn lockfile v1


ask-sdk-core@^2.0.7:
  version "2.0.7"
  resolved "https://registry.yarnpkg.com/ask-sdk-core/-/ask-sdk-core-2.0.7.tgz#0f2300aa99a5bd92c0bd700d1ed92ff8da1f83b9"

ask-sdk-model@^1.4.1:
  version "1.4.1"
  resolved "https://registry.yarnpkg.com/ask-sdk-model/-/ask-sdk-model-1.4.1.tgz#cbc3e071ac720336ee289dd0a57e6bbdf5c9d0f9"

axios@^0.18.0:
  version "0.18.0"
  resolved "http://registry.npmjs.org/axios/-/axios-0.18.0.tgz#32d53e4851efdc0a11993b6cd000789d70c05102"
  dependencies:
    follow-redirects "^1.3.0"
    is-buffer "^1.1.5"

debug@^3.1.0:
  version "3.1.0"
  resolved "https://registry.yarnpkg.com/debug/-/debug-3.1.0.tgz#5bb5a0672628b64149566ba16819e61518c67261"
  dependencies:
    ms "2.0.0"

follow-redirects@^1.3.0:
  version "1.5.7"
  resolved "https://registry.yarnpkg.com/follow-redirects/-/follow-redirects-1.5.7.tgz#a39e4804dacb90202bca76a9e2ac10433ca6a69a"
  dependencies:
    debug "^3.1.0"

fuse.js@^3.2.1:
  version "3.2.1"
  resolved "https://registry.yarnpkg.com/fuse.js/-/fuse.js-3.2.1.tgz#6320cb94ce56ec9755c89ade775bcdbb0358d425"

is-buffer@^1.1.5:
  version "1.1.6"
  resolved "https://registry.yarnpkg.com/is-buffer/-/is-buffer-1.1.6.tgz#efaa2ea9daa0d7ab2ea13a97b2b8ad51fefbe8be"

ms@2.0.0:
  version "2.0.0"
  resolved "https://registry.yarnpkg.com/ms/-/ms-2.0.0.tgz#5608aeadfc00be6c2901df5f9861788de0d597c8"
